{
  "name": "blossom-solver",
  "lockfileVersion": 3,
  "requires": true,
  "packages": {
    "": {
      "name": "blossom-solver",
      "devDependencies": {
        "prettier": "^3.0.2",
        "prettier-plugin-organize-imports": "^3.2.3"
      },
      "engines": {
        "node": ">=18"
      }
    },
    "node_modules/prettier": {
      "version": "3.0.2",
      "resolved": "https://registry.npmjs.org/prettier/-/prettier-3.0.2.tgz",
      "integrity": "sha512-o2YR9qtniXvwEZlOKbveKfDQVyqxbEIWn48Z8m3ZJjBjcCmUy3xZGIv+7AkaeuaTr6yPXJjwv07ZWlsWbEy1rQ==",
      "dev": true,
      "bin": {
        "prettier": "bin/prettier.cjs"
      },
      "engines": {
        "node": ">=14"
      },
      "funding": {
        "url": "https://github.com/prettier/prettier?sponsor=1"
      }
    },
    "node_modules/prettier-plugin-organize-imports": {
      "version": "3.2.3",
      "resolved": "https://registry.npmjs.org/prettier-plugin-organize-imports/-/prettier-plugin-organize-imports-3.2.3.tgz",
      "integrity": "sha512-KFvk8C/zGyvUaE3RvxN2MhCLwzV6OBbFSkwZ2OamCrs9ZY4i5L77jQ/w4UmUr+lqX8qbaqVq6bZZkApn+IgJSg==",
      "dev": true,
      "peerDependencies": {
        "@volar/vue-language-plugin-pug": "^1.0.4",
        "@volar/vue-typescript": "^1.0.4",
        "prettier": ">=2.0",
        "typescript": ">=2.9"
      },
      "peerDependenciesMeta": {
        "@volar/vue-language-plugin-pug": {
          "optional": true
        },
        "@volar/vue-typescript": {
          "optional": true
        }
      }
    },
    "node_modules/typescript": {
      "version": "5.1.6",
      "resolved": "https://registry.npmjs.org/typescript/-/typescript-5.1.6.tgz",
      "integrity": "sha512-zaWCozRZ6DLEWAWFrVDz1H6FVXzUSfTy5FUMWsQlU8Ym5JP9eO4xkTIROFCQvhQf61z6O/G6ugw3SgAnvvm+HA==",
      "dev": true,
      "peer": true,
      "bin": {
        "tsc": "bin/tsc",
        "tsserver": "bin/tsserver"
      },
      "engines": {
        "node": ">=14.17"
      }
    }
  }
}
